
Microsoft Visual Studio Solution File, Format Version 10.00
# Visual Studio 2008
Project("{8BC9CEB8-8B4A-11D0-8D11-00A0C91BC942}") = "libcurl", "libcurl\lib\vc6libcurl.vcproj", "{AD0E960B-5DE9-4AC3-8AE0-8ED0FB5F1396}"
EndProject
Project("{8BC9CEB8-8B4A-11D0-8D11-00A0C91BC942}") = "libmpg123", "mpg123-1.9.2\ports\MSVC++\2008\libmpg123\libmpg123.vcproj", "{67CAA87B-7CF1-4F93-BB67-21C513F40803}"
EndProject
Project("{8BC9CEB8-8B4A-11D0-8D11-00A0C91BC942}") = "libopenspotify", "openspotify\libopenspotify\libopenspotify.vcproj", "{3D9572E6-ADD5-455F-9677-51470EBDB39D}"
EndProject
Global
	GlobalSection(SolutionConfigurationPlatforms) = preSolution
		Debug_3dNow_Dll|Win32 = Debug_3dNow_Dll|Win32
		Debug_3dNow_Dll|x64 = Debug_3dNow_Dll|x64
		Debug_3dNow|Win32 = Debug_3dNow|Win32
		Debug_3dNow|x64 = Debug_3dNow|x64
		Debug_3dNowExt_Dll|Win32 = Debug_3dNowExt_Dll|Win32
		Debug_3dNowExt_Dll|x64 = Debug_3dNowExt_Dll|x64
		Debug_3dNowExt|Win32 = Debug_3dNowExt|Win32
		Debug_3dNowExt|x64 = Debug_3dNowExt|x64
		Debug_DLL|Win32 = Debug_DLL|Win32
		Debug_DLL|x64 = Debug_DLL|x64
		Debug_Generic_Dll|Win32 = Debug_Generic_Dll|Win32
		Debug_Generic_Dll|x64 = Debug_Generic_Dll|x64
		Debug_Generic|Win32 = Debug_Generic|Win32
		Debug_Generic|x64 = Debug_Generic|x64
		Debug_i386_Dll|Win32 = Debug_i386_Dll|Win32
		Debug_i386_Dll|x64 = Debug_i386_Dll|x64
		Debug_i386|Win32 = Debug_i386|Win32
		Debug_i386|x64 = Debug_i386|x64
		Debug_i586_Dll|Win32 = Debug_i586_Dll|Win32
		Debug_i586_Dll|x64 = Debug_i586_Dll|x64
		Debug_i586|Win32 = Debug_i586|Win32
		Debug_i586|x64 = Debug_i586|x64
		Debug_MMX_Dll|Win32 = Debug_MMX_Dll|Win32
		Debug_MMX_Dll|x64 = Debug_MMX_Dll|x64
		Debug_MMX|Win32 = Debug_MMX|Win32
		Debug_MMX|x64 = Debug_MMX|x64
		Debug_SSE_Dll|Win32 = Debug_SSE_Dll|Win32
		Debug_SSE_Dll|x64 = Debug_SSE_Dll|x64
		Debug_SSE|Win32 = Debug_SSE|Win32
		Debug_SSE|x64 = Debug_SSE|x64
		Debug_x86_Dll_Minimal|Win32 = Debug_x86_Dll_Minimal|Win32
		Debug_x86_Dll_Minimal|x64 = Debug_x86_Dll_Minimal|x64
		Debug_x86_Dll|Win32 = Debug_x86_Dll|Win32
		Debug_x86_Dll|x64 = Debug_x86_Dll|x64
		Debug_x86|Win32 = Debug_x86|Win32
		Debug_x86|x64 = Debug_x86|x64
		Debug|Win32 = Debug|Win32
		Debug|x64 = Debug|x64
		LIB Debug|Win32 = LIB Debug|Win32
		LIB Debug|x64 = LIB Debug|x64
		LIB Release|Win32 = LIB Release|Win32
		LIB Release|x64 = LIB Release|x64
		Release_3dNow_Dll|Win32 = Release_3dNow_Dll|Win32
		Release_3dNow_Dll|x64 = Release_3dNow_Dll|x64
		Release_3dNow|Win32 = Release_3dNow|Win32
		Release_3dNow|x64 = Release_3dNow|x64
		Release_3dNowExt_Dll|Win32 = Release_3dNowExt_Dll|Win32
		Release_3dNowExt_Dll|x64 = Release_3dNowExt_Dll|x64
		Release_3dNowExt|Win32 = Release_3dNowExt|Win32
		Release_3dNowExt|x64 = Release_3dNowExt|x64
		Release_DLL|Win32 = Release_DLL|Win32
		Release_DLL|x64 = Release_DLL|x64
		Release_Generic_Dll|Win32 = Release_Generic_Dll|Win32
		Release_Generic_Dll|x64 = Release_Generic_Dll|x64
		Release_Generic|Win32 = Release_Generic|Win32
		Release_Generic|x64 = Release_Generic|x64
		Release_i386_Dll|Win32 = Release_i386_Dll|Win32
		Release_i386_Dll|x64 = Release_i386_Dll|x64
		Release_i386|Win32 = Release_i386|Win32
		Release_i386|x64 = Release_i386|x64
		Release_i586_Dll|Win32 = Release_i586_Dll|Win32
		Release_i586_Dll|x64 = Release_i586_Dll|x64
		Release_i586|Win32 = Release_i586|Win32
		Release_i586|x64 = Release_i586|x64
		Release_MMX_Dll|Win32 = Release_MMX_Dll|Win32
		Release_MMX_Dll|x64 = Release_MMX_Dll|x64
		Release_MMX|Win32 = Release_MMX|Win32
		Release_MMX|x64 = Release_MMX|x64
		Release_SSE_Dll|Win32 = Release_SSE_Dll|Win32
		Release_SSE_Dll|x64 = Release_SSE_Dll|x64
		Release_SSE|Win32 = Release_SSE|Win32
		Release_SSE|x64 = Release_SSE|x64
		Release_x86_Dll_Minimal|Win32 = Release_x86_Dll_Minimal|Win32
		Release_x86_Dll_Minimal|x64 = Release_x86_Dll_Minimal|x64
		Release_x86_Dll|Win32 = Release_x86_Dll|Win32
		Release_x86_Dll|x64 = Release_x86_Dll|x64
		Release_x86|Win32 = Release_x86|Win32
		Release_x86|x64 = Release_x86|x64
		Release|Win32 = Release|Win32
		Release|x64 = Release|x64
	EndGlobalSection
	GlobalSection(ProjectConfigurationPlatforms) = postSolution
		{AD0E960B-5DE9-4AC3-8AE0-8ED0FB5F1396}.Debug_3dNow_Dll|Win32.ActiveCfg = DLL Debug|x64
		{AD0E960B-5DE9-4AC3-8AE0-8ED0FB5F1396}.Debug_3dNow_Dll|x64.ActiveCfg = DLL Debug|x64
		{AD0E960B-5DE9-4AC3-8AE0-8ED0FB5F1396}.Debug_3dNow_Dll|x64.Build.0 = DLL Debug|x64
		{AD0E960B-5DE9-4AC3-8AE0-8ED0FB5F1396}.Debug_3dNow|Win32.ActiveCfg = DLL Debug|x64
		{AD0E960B-5DE9-4AC3-8AE0-8ED0FB5F1396}.Debug_3dNow|x64.ActiveCfg = DLL Debug|x64
		{AD0E960B-5DE9-4AC3-8AE0-8ED0FB5F1396}.Debug_3dNow|x64.Build.0 = DLL Debug|x64
		{AD0E960B-5DE9-4AC3-8AE0-8ED0FB5F1396}.Debug_3dNowExt_Dll|Win32.ActiveCfg = DLL Debug|x64
		{AD0E960B-5DE9-4AC3-8AE0-8ED0FB5F1396}.Debug_3dNowExt_Dll|x64.ActiveCfg = DLL Debug|x64
		{AD0E960B-5DE9-4AC3-8AE0-8ED0FB5F1396}.Debug_3dNowExt_Dll|x64.Build.0 = DLL Debug|x64
		{AD0E960B-5DE9-4AC3-8AE0-8ED0FB5F1396}.Debug_3dNowExt|Win32.ActiveCfg = DLL Debug|x64
		{AD0E960B-5DE9-4AC3-8AE0-8ED0FB5F1396}.Debug_3dNowExt|x64.ActiveCfg = DLL Debug|x64
		{AD0E960B-5DE9-4AC3-8AE0-8ED0FB5F1396}.Debug_3dNowExt|x64.Build.0 = DLL Debug|x64
		{AD0E960B-5DE9-4AC3-8AE0-8ED0FB5F1396}.Debug_DLL|Win32.ActiveCfg = DLL Debug|x64
		{AD0E960B-5DE9-4AC3-8AE0-8ED0FB5F1396}.Debug_DLL|x64.ActiveCfg = DLL Debug|x64
		{AD0E960B-5DE9-4AC3-8AE0-8ED0FB5F1396}.Debug_DLL|x64.Build.0 = DLL Debug|x64
		{AD0E960B-5DE9-4AC3-8AE0-8ED0FB5F1396}.Debug_Generic_Dll|Win32.ActiveCfg = DLL Debug|x64
		{AD0E960B-5DE9-4AC3-8AE0-8ED0FB5F1396}.Debug_Generic_Dll|x64.ActiveCfg = DLL Debug|x64
		{AD0E960B-5DE9-4AC3-8AE0-8ED0FB5F1396}.Debug_Generic_Dll|x64.Build.0 = DLL Debug|x64
		{AD0E960B-5DE9-4AC3-8AE0-8ED0FB5F1396}.Debug_Generic|Win32.ActiveCfg = DLL Debug|x64
		{AD0E960B-5DE9-4AC3-8AE0-8ED0FB5F1396}.Debug_Generic|x64.ActiveCfg = DLL Debug|x64
		{AD0E960B-5DE9-4AC3-8AE0-8ED0FB5F1396}.Debug_Generic|x64.Build.0 = DLL Debug|x64
		{AD0E960B-5DE9-4AC3-8AE0-8ED0FB5F1396}.Debug_i386_Dll|Win32.ActiveCfg = DLL Debug|x64
		{AD0E960B-5DE9-4AC3-8AE0-8ED0FB5F1396}.Debug_i386_Dll|x64.ActiveCfg = DLL Debug|x64
		{AD0E960B-5DE9-4AC3-8AE0-8ED0FB5F1396}.Debug_i386_Dll|x64.Build.0 = DLL Debug|x64
		{AD0E960B-5DE9-4AC3-8AE0-8ED0FB5F1396}.Debug_i386|Win32.ActiveCfg = DLL Debug|x64
		{AD0E960B-5DE9-4AC3-8AE0-8ED0FB5F1396}.Debug_i386|x64.ActiveCfg = DLL Debug|x64
		{AD0E960B-5DE9-4AC3-8AE0-8ED0FB5F1396}.Debug_i386|x64.Build.0 = DLL Debug|x64
		{AD0E960B-5DE9-4AC3-8AE0-8ED0FB5F1396}.Debug_i586_Dll|Win32.ActiveCfg = DLL Debug|x64
		{AD0E960B-5DE9-4AC3-8AE0-8ED0FB5F1396}.Debug_i586_Dll|x64.ActiveCfg = DLL Debug|x64
		{AD0E960B-5DE9-4AC3-8AE0-8ED0FB5F1396}.Debug_i586_Dll|x64.Build.0 = DLL Debug|x64
		{AD0E960B-5DE9-4AC3-8AE0-8ED0FB5F1396}.Debug_i586|Win32.ActiveCfg = DLL Debug|x64
		{AD0E960B-5DE9-4AC3-8AE0-8ED0FB5F1396}.Debug_i586|x64.ActiveCfg = DLL Debug|x64
		{AD0E960B-5DE9-4AC3-8AE0-8ED0FB5F1396}.Debug_i586|x64.Build.0 = DLL Debug|x64
		{AD0E960B-5DE9-4AC3-8AE0-8ED0FB5F1396}.Debug_MMX_Dll|Win32.ActiveCfg = DLL Debug|x64
		{AD0E960B-5DE9-4AC3-8AE0-8ED0FB5F1396}.Debug_MMX_Dll|x64.ActiveCfg = DLL Debug|x64
		{AD0E960B-5DE9-4AC3-8AE0-8ED0FB5F1396}.Debug_MMX_Dll|x64.Build.0 = DLL Debug|x64
		{AD0E960B-5DE9-4AC3-8AE0-8ED0FB5F1396}.Debug_MMX|Win32.ActiveCfg = DLL Debug|x64
		{AD0E960B-5DE9-4AC3-8AE0-8ED0FB5F1396}.Debug_MMX|x64.ActiveCfg = DLL Debug|x64
		{AD0E960B-5DE9-4AC3-8AE0-8ED0FB5F1396}.Debug_MMX|x64.Build.0 = DLL Debug|x64
		{AD0E960B-5DE9-4AC3-8AE0-8ED0FB5F1396}.Debug_SSE_Dll|Win32.ActiveCfg = DLL Debug|x64
		{AD0E960B-5DE9-4AC3-8AE0-8ED0FB5F1396}.Debug_SSE_Dll|x64.ActiveCfg = DLL Debug|x64
		{AD0E960B-5DE9-4AC3-8AE0-8ED0FB5F1396}.Debug_SSE_Dll|x64.Build.0 = DLL Debug|x64
		{AD0E960B-5DE9-4AC3-8AE0-8ED0FB5F1396}.Debug_SSE|Win32.ActiveCfg = DLL Debug|x64
		{AD0E960B-5DE9-4AC3-8AE0-8ED0FB5F1396}.Debug_SSE|x64.ActiveCfg = DLL Debug|x64
		{AD0E960B-5DE9-4AC3-8AE0-8ED0FB5F1396}.Debug_SSE|x64.Build.0 = DLL Debug|x64
		{AD0E960B-5DE9-4AC3-8AE0-8ED0FB5F1396}.Debug_x86_Dll_Minimal|Win32.ActiveCfg = DLL Debug|x64
		{AD0E960B-5DE9-4AC3-8AE0-8ED0FB5F1396}.Debug_x86_Dll_Minimal|x64.ActiveCfg = DLL Debug|x64
		{AD0E960B-5DE9-4AC3-8AE0-8ED0FB5F1396}.Debug_x86_Dll_Minimal|x64.Build.0 = DLL Debug|x64
		{AD0E960B-5DE9-4AC3-8AE0-8ED0FB5F1396}.Debug_x86_Dll|Win32.ActiveCfg = DLL Debug|x64
		{AD0E960B-5DE9-4AC3-8AE0-8ED0FB5F1396}.Debug_x86_Dll|x64.ActiveCfg = DLL Debug|x64
		{AD0E960B-5DE9-4AC3-8AE0-8ED0FB5F1396}.Debug_x86_Dll|x64.Build.0 = DLL Debug|x64
		{AD0E960B-5DE9-4AC3-8AE0-8ED0FB5F1396}.Debug_x86|Win32.ActiveCfg = DLL Debug|x64
		{AD0E960B-5DE9-4AC3-8AE0-8ED0FB5F1396}.Debug_x86|x64.ActiveCfg = DLL Debug|x64
		{AD0E960B-5DE9-4AC3-8AE0-8ED0FB5F1396}.Debug_x86|x64.Build.0 = DLL Debug|x64
		{AD0E960B-5DE9-4AC3-8AE0-8ED0FB5F1396}.Debug|Win32.ActiveCfg = DLL Debug|Win32
		{AD0E960B-5DE9-4AC3-8AE0-8ED0FB5F1396}.Debug|Win32.Build.0 = DLL Debug|Win32
		{AD0E960B-5DE9-4AC3-8AE0-8ED0FB5F1396}.Debug|x64.ActiveCfg = DLL Debug|x64
		{AD0E960B-5DE9-4AC3-8AE0-8ED0FB5F1396}.Debug|x64.Build.0 = DLL Debug|x64
		{AD0E960B-5DE9-4AC3-8AE0-8ED0FB5F1396}.LIB Debug|Win32.ActiveCfg = LIB Debug|Win32
		{AD0E960B-5DE9-4AC3-8AE0-8ED0FB5F1396}.LIB Debug|Win32.Build.0 = LIB Debug|Win32
		{AD0E960B-5DE9-4AC3-8AE0-8ED0FB5F1396}.LIB Debug|x64.ActiveCfg = LIB Debug|x64
		{AD0E960B-5DE9-4AC3-8AE0-8ED0FB5F1396}.LIB Debug|x64.Build.0 = LIB Debug|x64
		{AD0E960B-5DE9-4AC3-8AE0-8ED0FB5F1396}.LIB Release|Win32.ActiveCfg = LIB Release|Win32
		{AD0E960B-5DE9-4AC3-8AE0-8ED0FB5F1396}.LIB Release|Win32.Build.0 = LIB Release|Win32
		{AD0E960B-5DE9-4AC3-8AE0-8ED0FB5F1396}.LIB Release|x64.ActiveCfg = LIB Release|x64
		{AD0E960B-5DE9-4AC3-8AE0-8ED0FB5F1396}.LIB Release|x64.Build.0 = LIB Release|x64
		{AD0E960B-5DE9-4AC3-8AE0-8ED0FB5F1396}.Release_3dNow_Dll|Win32.ActiveCfg = LIB Release|x64
		{AD0E960B-5DE9-4AC3-8AE0-8ED0FB5F1396}.Release_3dNow_Dll|x64.ActiveCfg = LIB Release|x64
		{AD0E960B-5DE9-4AC3-8AE0-8ED0FB5F1396}.Release_3dNow_Dll|x64.Build.0 = LIB Release|x64
		{AD0E960B-5DE9-4AC3-8AE0-8ED0FB5F1396}.Release_3dNow|Win32.ActiveCfg = LIB Release|x64
		{AD0E960B-5DE9-4AC3-8AE0-8ED0FB5F1396}.Release_3dNow|x64.ActiveCfg = LIB Release|x64
		{AD0E960B-5DE9-4AC3-8AE0-8ED0FB5F1396}.Release_3dNow|x64.Build.0 = LIB Release|x64
		{AD0E960B-5DE9-4AC3-8AE0-8ED0FB5F1396}.Release_3dNowExt_Dll|Win32.ActiveCfg = LIB Release|x64
		{AD0E960B-5DE9-4AC3-8AE0-8ED0FB5F1396}.Release_3dNowExt_Dll|x64.ActiveCfg = LIB Release|x64
		{AD0E960B-5DE9-4AC3-8AE0-8ED0FB5F1396}.Release_3dNowExt_Dll|x64.Build.0 = LIB Release|x64
		{AD0E960B-5DE9-4AC3-8AE0-8ED0FB5F1396}.Release_3dNowExt|Win32.ActiveCfg = LIB Release|x64
		{AD0E960B-5DE9-4AC3-8AE0-8ED0FB5F1396}.Release_3dNowExt|x64.ActiveCfg = LIB Release|x64
		{AD0E960B-5DE9-4AC3-8AE0-8ED0FB5F1396}.Release_3dNowExt|x64.Build.0 = LIB Release|x64
		{AD0E960B-5DE9-4AC3-8AE0-8ED0FB5F1396}.Release_DLL|Win32.ActiveCfg = LIB Release|x64
		{AD0E960B-5DE9-4AC3-8AE0-8ED0FB5F1396}.Release_DLL|x64.ActiveCfg = LIB Release|x64
		{AD0E960B-5DE9-4AC3-8AE0-8ED0FB5F1396}.Release_DLL|x64.Build.0 = LIB Release|x64
		{AD0E960B-5DE9-4AC3-8AE0-8ED0FB5F1396}.Release_Generic_Dll|Win32.ActiveCfg = LIB Release|x64
		{AD0E960B-5DE9-4AC3-8AE0-8ED0FB5F1396}.Release_Generic_Dll|x64.ActiveCfg = LIB Release|x64
		{AD0E960B-5DE9-4AC3-8AE0-8ED0FB5F1396}.Release_Generic_Dll|x64.Build.0 = LIB Release|x64
		{AD0E960B-5DE9-4AC3-8AE0-8ED0FB5F1396}.Release_Generic|Win32.ActiveCfg = LIB Release|x64
		{AD0E960B-5DE9-4AC3-8AE0-8ED0FB5F1396}.Release_Generic|x64.ActiveCfg = LIB Release|x64
		{AD0E960B-5DE9-4AC3-8AE0-8ED0FB5F1396}.Release_Generic|x64.Build.0 = LIB Release|x64
		{AD0E960B-5DE9-4AC3-8AE0-8ED0FB5F1396}.Release_i386_Dll|Win32.ActiveCfg = LIB Release|x64
		{AD0E960B-5DE9-4AC3-8AE0-8ED0FB5F1396}.Release_i386_Dll|x64.ActiveCfg = LIB Release|x64
		{AD0E960B-5DE9-4AC3-8AE0-8ED0FB5F1396}.Release_i386_Dll|x64.Build.0 = LIB Release|x64
		{AD0E960B-5DE9-4AC3-8AE0-8ED0FB5F1396}.Release_i386|Win32.ActiveCfg = LIB Release|x64
		{AD0E960B-5DE9-4AC3-8AE0-8ED0FB5F1396}.Release_i386|x64.ActiveCfg = LIB Release|x64
		{AD0E960B-5DE9-4AC3-8AE0-8ED0FB5F1396}.Release_i386|x64.Build.0 = LIB Release|x64
		{AD0E960B-5DE9-4AC3-8AE0-8ED0FB5F1396}.Release_i586_Dll|Win32.ActiveCfg = LIB Release|x64
		{AD0E960B-5DE9-4AC3-8AE0-8ED0FB5F1396}.Release_i586_Dll|x64.ActiveCfg = LIB Release|x64
		{AD0E960B-5DE9-4AC3-8AE0-8ED0FB5F1396}.Release_i586_Dll|x64.Build.0 = LIB Release|x64
		{AD0E960B-5DE9-4AC3-8AE0-8ED0FB5F1396}.Release_i586|Win32.ActiveCfg = LIB Release|x64
		{AD0E960B-5DE9-4AC3-8AE0-8ED0FB5F1396}.Release_i586|x64.ActiveCfg = LIB Release|x64
		{AD0E960B-5DE9-4AC3-8AE0-8ED0FB5F1396}.Release_i586|x64.Build.0 = LIB Release|x64
		{AD0E960B-5DE9-4AC3-8AE0-8ED0FB5F1396}.Release_MMX_Dll|Win32.ActiveCfg = LIB Release|x64
		{AD0E960B-5DE9-4AC3-8AE0-8ED0FB5F1396}.Release_MMX_Dll|x64.ActiveCfg = LIB Release|x64
		{AD0E960B-5DE9-4AC3-8AE0-8ED0FB5F1396}.Release_MMX_Dll|x64.Build.0 = LIB Release|x64
		{AD0E960B-5DE9-4AC3-8AE0-8ED0FB5F1396}.Release_MMX|Win32.ActiveCfg = LIB Release|x64
		{AD0E960B-5DE9-4AC3-8AE0-8ED0FB5F1396}.Release_MMX|x64.ActiveCfg = LIB Release|x64
		{AD0E960B-5DE9-4AC3-8AE0-8ED0FB5F1396}.Release_MMX|x64.Build.0 = LIB Release|x64
		{AD0E960B-5DE9-4AC3-8AE0-8ED0FB5F1396}.Release_SSE_Dll|Win32.ActiveCfg = LIB Release|x64
		{AD0E960B-5DE9-4AC3-8AE0-8ED0FB5F1396}.Release_SSE_Dll|x64.ActiveCfg = LIB Release|x64
		{AD0E960B-5DE9-4AC3-8AE0-8ED0FB5F1396}.Release_SSE_Dll|x64.Build.0 = LIB Release|x64
		{AD0E960B-5DE9-4AC3-8AE0-8ED0FB5F1396}.Release_SSE|Win32.ActiveCfg = LIB Release|x64
		{AD0E960B-5DE9-4AC3-8AE0-8ED0FB5F1396}.Release_SSE|x64.ActiveCfg = LIB Release|x64
		{AD0E960B-5DE9-4AC3-8AE0-8ED0FB5F1396}.Release_SSE|x64.Build.0 = LIB Release|x64
		{AD0E960B-5DE9-4AC3-8AE0-8ED0FB5F1396}.Release_x86_Dll_Minimal|Win32.ActiveCfg = LIB Release|x64
		{AD0E960B-5DE9-4AC3-8AE0-8ED0FB5F1396}.Release_x86_Dll_Minimal|x64.ActiveCfg = LIB Release|x64
		{AD0E960B-5DE9-4AC3-8AE0-8ED0FB5F1396}.Release_x86_Dll_Minimal|x64.Build.0 = LIB Release|x64
		{AD0E960B-5DE9-4AC3-8AE0-8ED0FB5F1396}.Release_x86_Dll|Win32.ActiveCfg = LIB Release|x64
		{AD0E960B-5DE9-4AC3-8AE0-8ED0FB5F1396}.Release_x86_Dll|x64.ActiveCfg = LIB Release|x64
		{AD0E960B-5DE9-4AC3-8AE0-8ED0FB5F1396}.Release_x86_Dll|x64.Build.0 = LIB Release|x64
		{AD0E960B-5DE9-4AC3-8AE0-8ED0FB5F1396}.Release_x86|Win32.ActiveCfg = LIB Release|x64
		{AD0E960B-5DE9-4AC3-8AE0-8ED0FB5F1396}.Release_x86|x64.ActiveCfg = LIB Release|x64
		{AD0E960B-5DE9-4AC3-8AE0-8ED0FB5F1396}.Release_x86|x64.Build.0 = LIB Release|x64
		{AD0E960B-5DE9-4AC3-8AE0-8ED0FB5F1396}.Release|Win32.ActiveCfg = DLL Release|Win32
		{AD0E960B-5DE9-4AC3-8AE0-8ED0FB5F1396}.Release|Win32.Build.0 = DLL Release|Win32
		{AD0E960B-5DE9-4AC3-8AE0-8ED0FB5F1396}.Release|x64.ActiveCfg = DLL Release|x64
		{AD0E960B-5DE9-4AC3-8AE0-8ED0FB5F1396}.Release|x64.Build.0 = DLL Release|x64
		{67CAA87B-7CF1-4F93-BB67-21C513F40803}.Debug_3dNow_Dll|Win32.ActiveCfg = Debug_3dNow_Dll|Win32
		{67CAA87B-7CF1-4F93-BB67-21C513F40803}.Debug_3dNow_Dll|Win32.Build.0 = Debug_3dNow_Dll|Win32
		{67CAA87B-7CF1-4F93-BB67-21C513F40803}.Debug_3dNow_Dll|x64.ActiveCfg = Debug_3dNow_Dll|Win32
		{67CAA87B-7CF1-4F93-BB67-21C513F40803}.Debug_3dNow|Win32.ActiveCfg = Debug_3dNow|Win32
		{67CAA87B-7CF1-4F93-BB67-21C513F40803}.Debug_3dNow|Win32.Build.0 = Debug_3dNow|Win32
		{67CAA87B-7CF1-4F93-BB67-21C513F40803}.Debug_3dNow|x64.ActiveCfg = Debug_3dNow|Win32
		{67CAA87B-7CF1-4F93-BB67-21C513F40803}.Debug_3dNowExt_Dll|Win32.ActiveCfg = Debug_3dNowExt_Dll|Win32
		{67CAA87B-7CF1-4F93-BB67-21C513F40803}.Debug_3dNowExt_Dll|Win32.Build.0 = Debug_3dNowExt_Dll|Win32
		{67CAA87B-7CF1-4F93-BB67-21C513F40803}.Debug_3dNowExt_Dll|x64.ActiveCfg = Debug_3dNowExt_Dll|Win32
		{67CAA87B-7CF1-4F93-BB67-21C513F40803}.Debug_3dNowExt|Win32.ActiveCfg = Debug_3dNowExt|Win32
		{67CAA87B-7CF1-4F93-BB67-21C513F40803}.Debug_3dNowExt|Win32.Build.0 = Debug_3dNowExt|Win32
		{67CAA87B-7CF1-4F93-BB67-21C513F40803}.Debug_3dNowExt|x64.ActiveCfg = Debug_3dNowExt|Win32
		{67CAA87B-7CF1-4F93-BB67-21C513F40803}.Debug_DLL|Win32.ActiveCfg = Debug_x86_Dll_Minimal|Win32
		{67CAA87B-7CF1-4F93-BB67-21C513F40803}.Debug_DLL|Win32.Build.0 = Debug_x86_Dll_Minimal|Win32
		{67CAA87B-7CF1-4F93-BB67-21C513F40803}.Debug_DLL|x64.ActiveCfg = Debug_x86_Dll_Minimal|Win32
		{67CAA87B-7CF1-4F93-BB67-21C513F40803}.Debug_Generic_Dll|Win32.ActiveCfg = Debug_Generic_Dll|Win32
		{67CAA87B-7CF1-4F93-BB67-21C513F40803}.Debug_Generic_Dll|Win32.Build.0 = Debug_Generic_Dll|Win32
		{67CAA87B-7CF1-4F93-BB67-21C513F40803}.Debug_Generic_Dll|x64.ActiveCfg = Debug_Generic_Dll|Win32
		{67CAA87B-7CF1-4F93-BB67-21C513F40803}.Debug_Generic|Win32.ActiveCfg = Debug_Generic|Win32
		{67CAA87B-7CF1-4F93-BB67-21C513F40803}.Debug_Generic|Win32.Build.0 = Debug_Generic|Win32
		{67CAA87B-7CF1-4F93-BB67-21C513F40803}.Debug_Generic|x64.ActiveCfg = Debug_Generic|Win32
		{67CAA87B-7CF1-4F93-BB67-21C513F40803}.Debug_i386_Dll|Win32.ActiveCfg = Debug_i386_Dll|Win32
		{67CAA87B-7CF1-4F93-BB67-21C513F40803}.Debug_i386_Dll|Win32.Build.0 = Debug_i386_Dll|Win32
		{67CAA87B-7CF1-4F93-BB67-21C513F40803}.Debug_i386_Dll|x64.ActiveCfg = Debug_i386_Dll|Win32
		{67CAA87B-7CF1-4F93-BB67-21C513F40803}.Debug_i386|Win32.ActiveCfg = Debug_i386|Win32
		{67CAA87B-7CF1-4F93-BB67-21C513F40803}.Debug_i386|Win32.Build.0 = Debug_i386|Win32
		{67CAA87B-7CF1-4F93-BB67-21C513F40803}.Debug_i386|x64.ActiveCfg = Debug_i386|Win32
		{67CAA87B-7CF1-4F93-BB67-21C513F40803}.Debug_i586_Dll|Win32.ActiveCfg = Debug_i586_Dll|Win32
		{67CAA87B-7CF1-4F93-BB67-21C513F40803}.Debug_i586_Dll|Win32.Build.0 = Debug_i586_Dll|Win32
		{67CAA87B-7CF1-4F93-BB67-21C513F40803}.Debug_i586_Dll|x64.ActiveCfg = Debug_i586_Dll|Win32
		{67CAA87B-7CF1-4F93-BB67-21C513F40803}.Debug_i586|Win32.ActiveCfg = Debug_i586|Win32
		{67CAA87B-7CF1-4F93-BB67-21C513F40803}.Debug_i586|Win32.Build.0 = Debug_i586|Win32
		{67CAA87B-7CF1-4F93-BB67-21C513F40803}.Debug_i586|x64.ActiveCfg = Debug_i586|Win32
		{67CAA87B-7CF1-4F93-BB67-21C513F40803}.Debug_MMX_Dll|Win32.ActiveCfg = Debug_MMX_Dll|Win32
		{67CAA87B-7CF1-4F93-BB67-21C513F40803}.Debug_MMX_Dll|Win32.Build.0 = Debug_MMX_Dll|Win32
		{67CAA87B-7CF1-4F93-BB67-21C513F40803}.Debug_MMX_Dll|x64.ActiveCfg = Debug_MMX_Dll|Win32
		{67CAA87B-7CF1-4F93-BB67-21C513F40803}.Debug_MMX|Win32.ActiveCfg = Debug_MMX|Win32
		{67CAA87B-7CF1-4F93-BB67-21C513F40803}.Debug_MMX|Win32.Build.0 = Debug_MMX|Win32
		{67CAA87B-7CF1-4F93-BB67-21C513F40803}.Debug_MMX|x64.ActiveCfg = Debug_MMX|Win32
		{67CAA87B-7CF1-4F93-BB67-21C513F40803}.Debug_SSE_Dll|Win32.ActiveCfg = Debug_SSE_Dll|Win32
		{67CAA87B-7CF1-4F93-BB67-21C513F40803}.Debug_SSE_Dll|Win32.Build.0 = Debug_SSE_Dll|Win32
		{67CAA87B-7CF1-4F93-BB67-21C513F40803}.Debug_SSE_Dll|x64.ActiveCfg = Debug_SSE_Dll|Win32
		{67CAA87B-7CF1-4F93-BB67-21C513F40803}.Debug_SSE|Win32.ActiveCfg = Debug_SSE|Win32
		{67CAA87B-7CF1-4F93-BB67-21C513F40803}.Debug_SSE|Win32.Build.0 = Debug_SSE|Win32
		{67CAA87B-7CF1-4F93-BB67-21C513F40803}.Debug_SSE|x64.ActiveCfg = Debug_SSE|Win32
		{67CAA87B-7CF1-4F93-BB67-21C513F40803}.Debug_x86_Dll_Minimal|Win32.ActiveCfg = Debug_x86_Dll_Minimal|Win32
		{67CAA87B-7CF1-4F93-BB67-21C513F40803}.Debug_x86_Dll_Minimal|Win32.Build.0 = Debug_x86_Dll_Minimal|Win32
		{67CAA87B-7CF1-4F93-BB67-21C513F40803}.Debug_x86_Dll_Minimal|x64.ActiveCfg = Debug_x86_Dll_Minimal|Win32
		{67CAA87B-7CF1-4F93-BB67-21C513F40803}.Debug_x86_Dll|Win32.ActiveCfg = Debug_x86_Dll|Win32
		{67CAA87B-7CF1-4F93-BB67-21C513F40803}.Debug_x86_Dll|Win32.Build.0 = Debug_x86_Dll|Win32
		{67CAA87B-7CF1-4F93-BB67-21C513F40803}.Debug_x86_Dll|x64.ActiveCfg = Debug_x86_Dll|Win32
		{67CAA87B-7CF1-4F93-BB67-21C513F40803}.Debug_x86|Win32.ActiveCfg = Debug_x86|Win32
		{67CAA87B-7CF1-4F93-BB67-21C513F40803}.Debug_x86|Win32.Build.0 = Debug_x86|Win32
		{67CAA87B-7CF1-4F93-BB67-21C513F40803}.Debug_x86|x64.ActiveCfg = Debug_x86|Win32
		{67CAA87B-7CF1-4F93-BB67-21C513F40803}.Debug|Win32.ActiveCfg = Debug_Generic_Dll|Win32
		{67CAA87B-7CF1-4F93-BB67-21C513F40803}.Debug|Win32.Build.0 = Debug_Generic_Dll|Win32
		{67CAA87B-7CF1-4F93-BB67-21C513F40803}.Debug|x64.ActiveCfg = Debug_x86_Dll_Minimal|Win32
		{67CAA87B-7CF1-4F93-BB67-21C513F40803}.LIB Debug|Win32.ActiveCfg = Release_x86_Dll_Minimal|Win32
		{67CAA87B-7CF1-4F93-BB67-21C513F40803}.LIB Debug|Win32.Build.0 = Release_x86_Dll_Minimal|Win32
		{67CAA87B-7CF1-4F93-BB67-21C513F40803}.LIB Debug|x64.ActiveCfg = Release_x86_Dll_Minimal|Win32
		{67CAA87B-7CF1-4F93-BB67-21C513F40803}.LIB Release|Win32.ActiveCfg = Release_x86_Dll_Minimal|Win32
		{67CAA87B-7CF1-4F93-BB67-21C513F40803}.LIB Release|Win32.Build.0 = Release_x86_Dll_Minimal|Win32
		{67CAA87B-7CF1-4F93-BB67-21C513F40803}.LIB Release|x64.ActiveCfg = Release_x86_Dll_Minimal|Win32
		{67CAA87B-7CF1-4F93-BB67-21C513F40803}.Release_3dNow_Dll|Win32.ActiveCfg = Release_3dNow_Dll|Win32
		{67CAA87B-7CF1-4F93-BB67-21C513F40803}.Release_3dNow_Dll|Win32.Build.0 = Release_3dNow_Dll|Win32
		{67CAA87B-7CF1-4F93-BB67-21C513F40803}.Release_3dNow_Dll|x64.ActiveCfg = Release_3dNow_Dll|Win32
		{67CAA87B-7CF1-4F93-BB67-21C513F40803}.Release_3dNow|Win32.ActiveCfg = Release_3dNow|Win32
		{67CAA87B-7CF1-4F93-BB67-21C513F40803}.Release_3dNow|Win32.Build.0 = Release_3dNow|Win32
		{67CAA87B-7CF1-4F93-BB67-21C513F40803}.Release_3dNow|x64.ActiveCfg = Release_3dNow|Win32
		{67CAA87B-7CF1-4F93-BB67-21C513F40803}.Release_3dNowExt_Dll|Win32.ActiveCfg = Release_3dNowExt_Dll|Win32
		{67CAA87B-7CF1-4F93-BB67-21C513F40803}.Release_3dNowExt_Dll|Win32.Build.0 = Release_3dNowExt_Dll|Win32
		{67CAA87B-7CF1-4F93-BB67-21C513F40803}.Release_3dNowExt_Dll|x64.ActiveCfg = Release_3dNowExt_Dll|Win32
		{67CAA87B-7CF1-4F93-BB67-21C513F40803}.Release_3dNowExt|Win32.ActiveCfg = Release_3dNowExt|Win32
		{67CAA87B-7CF1-4F93-BB67-21C513F40803}.Release_3dNowExt|Win32.Build.0 = Release_3dNowExt|Win32
		{67CAA87B-7CF1-4F93-BB67-21C513F40803}.Release_3dNowExt|x64.ActiveCfg = Release_3dNowExt|Win32
		{67CAA87B-7CF1-4F93-BB67-21C513F40803}.Release_DLL|Win32.ActiveCfg = Release_x86_Dll_Minimal|Win32
		{67CAA87B-7CF1-4F93-BB67-21C513F40803}.Release_DLL|Win32.Build.0 = Release_x86_Dll_Minimal|Win32
		{67CAA87B-7CF1-4F93-BB67-21C513F40803}.Release_DLL|x64.ActiveCfg = Release_x86_Dll_Minimal|Win32
		{67CAA87B-7CF1-4F93-BB67-21C513F40803}.Release_Generic_Dll|Win32.ActiveCfg = Release_Generic_Dll|Win32
		{67CAA87B-7CF1-4F93-BB67-21C513F40803}.Release_Generic_Dll|Win32.Build.0 = Release_Generic_Dll|Win32
		{67CAA87B-7CF1-4F93-BB67-21C513F40803}.Release_Generic_Dll|x64.ActiveCfg = Release_Generic_Dll|Win32
		{67CAA87B-7CF1-4F93-BB67-21C513F40803}.Release_Generic|Win32.ActiveCfg = Release_Generic|Win32
		{67CAA87B-7CF1-4F93-BB67-21C513F40803}.Release_Generic|Win32.Build.0 = Release_Generic|Win32
		{67CAA87B-7CF1-4F93-BB67-21C513F40803}.Release_Generic|x64.ActiveCfg = Release_Generic|Win32
		{67CAA87B-7CF1-4F93-BB67-21C513F40803}.Release_i386_Dll|Win32.ActiveCfg = Release_i386_Dll|Win32
		{67CAA87B-7CF1-4F93-BB67-21C513F40803}.Release_i386_Dll|Win32.Build.0 = Release_i386_Dll|Win32
		{67CAA87B-7CF1-4F93-BB67-21C513F40803}.Release_i386_Dll|x64.ActiveCfg = Release_i386_Dll|Win32
		{67CAA87B-7CF1-4F93-BB67-21C513F40803}.Release_i386|Win32.ActiveCfg = Release_i386|Win32
		{67CAA87B-7CF1-4F93-BB67-21C513F40803}.Release_i386|Win32.Build.0 = Release_i386|Win32
		{67CAA87B-7CF1-4F93-BB67-21C513F40803}.Release_i386|x64.ActiveCfg = Release_i386|Win32
		{67CAA87B-7CF1-4F93-BB67-21C513F40803}.Release_i586_Dll|Win32.ActiveCfg = Release_i586_Dll|Win32
		{67CAA87B-7CF1-4F93-BB67-21C513F40803}.Release_i586_Dll|Win32.Build.0 = Release_i586_Dll|Win32
		{67CAA87B-7CF1-4F93-BB67-21C513F40803}.Release_i586_Dll|x64.ActiveCfg = Release_i586_Dll|Win32
		{67CAA87B-7CF1-4F93-BB67-21C513F40803}.Release_i586|Win32.ActiveCfg = Release_i586|Win32
		{67CAA87B-7CF1-4F93-BB67-21C513F40803}.Release_i586|Win32.Build.0 = Release_i586|Win32
		{67CAA87B-7CF1-4F93-BB67-21C513F40803}.Release_i586|x64.ActiveCfg = Release_i586|Win32
		{67CAA87B-7CF1-4F93-BB67-21C513F40803}.Release_MMX_Dll|Win32.ActiveCfg = Release_MMX_Dll|Win32
		{67CAA87B-7CF1-4F93-BB67-21C513F40803}.Release_MMX_Dll|Win32.Build.0 = Release_MMX_Dll|Win32
		{67CAA87B-7CF1-4F93-BB67-21C513F40803}.Release_MMX_Dll|x64.ActiveCfg = Release_MMX_Dll|Win32
		{67CAA87B-7CF1-4F93-BB67-21C513F40803}.Release_MMX|Win32.ActiveCfg = Release_MMX|Win32
		{67CAA87B-7CF1-4F93-BB67-21C513F40803}.Release_MMX|Win32.Build.0 = Release_MMX|Win32
		{67CAA87B-7CF1-4F93-BB67-21C513F40803}.Release_MMX|x64.ActiveCfg = Release_MMX|Win32
		{67CAA87B-7CF1-4F93-BB67-21C513F40803}.Release_SSE_Dll|Win32.ActiveCfg = Release_SSE_Dll|Win32
		{67CAA87B-7CF1-4F93-BB67-21C513F40803}.Release_SSE_Dll|Win32.Build.0 = Release_SSE_Dll|Win32
		{67CAA87B-7CF1-4F93-BB67-21C513F40803}.Release_SSE_Dll|x64.ActiveCfg = Release_SSE_Dll|Win32
		{67CAA87B-7CF1-4F93-BB67-21C513F40803}.Release_SSE|Win32.ActiveCfg = Release_SSE|Win32
		{67CAA87B-7CF1-4F93-BB67-21C513F40803}.Release_SSE|Win32.Build.0 = Release_SSE|Win32
		{67CAA87B-7CF1-4F93-BB67-21C513F40803}.Release_SSE|x64.ActiveCfg = Release_SSE|Win32
		{67CAA87B-7CF1-4F93-BB67-21C513F40803}.Release_x86_Dll_Minimal|Win32.ActiveCfg = Release_x86_Dll_Minimal|Win32
		{67CAA87B-7CF1-4F93-BB67-21C513F40803}.Release_x86_Dll_Minimal|Win32.Build.0 = Release_x86_Dll_Minimal|Win32
		{67CAA87B-7CF1-4F93-BB67-21C513F40803}.Release_x86_Dll_Minimal|x64.ActiveCfg = Release_x86_Dll_Minimal|Win32
		{67CAA87B-7CF1-4F93-BB67-21C513F40803}.Release_x86_Dll|Win32.ActiveCfg = Release_x86_Dll|Win32
		{67CAA87B-7CF1-4F93-BB67-21C513F40803}.Release_x86_Dll|Win32.Build.0 = Release_x86_Dll|Win32
		{67CAA87B-7CF1-4F93-BB67-21C513F40803}.Release_x86_Dll|x64.ActiveCfg = Release_x86_Dll|Win32
		{67CAA87B-7CF1-4F93-BB67-21C513F40803}.Release_x86|Win32.ActiveCfg = Release_x86|Win32
		{67CAA87B-7CF1-4F93-BB67-21C513F40803}.Release_x86|Win32.Build.0 = Release_x86|Win32
		{67CAA87B-7CF1-4F93-BB67-21C513F40803}.Release_x86|x64.ActiveCfg = Release_x86|Win32
		{67CAA87B-7CF1-4F93-BB67-21C513F40803}.Release|Win32.ActiveCfg = Release_Generic_Dll|Win32
		{67CAA87B-7CF1-4F93-BB67-21C513F40803}.Release|Win32.Build.0 = Release_Generic_Dll|Win32
		{67CAA87B-7CF1-4F93-BB67-21C513F40803}.Release|x64.ActiveCfg = Release_x86_Dll_Minimal|Win32
		{3D9572E6-ADD5-455F-9677-51470EBDB39D}.Debug_3dNow_Dll|Win32.ActiveCfg = Debug_DLL|Win32
		{3D9572E6-ADD5-455F-9677-51470EBDB39D}.Debug_3dNow_Dll|Win32.Build.0 = Debug_DLL|Win32
		{3D9572E6-ADD5-455F-9677-51470EBDB39D}.Debug_3dNow_Dll|x64.ActiveCfg = Debug_DLL|Win32
		{3D9572E6-ADD5-455F-9677-51470EBDB39D}.Debug_3dNow|Win32.ActiveCfg = Debug_DLL|Win32
		{3D9572E6-ADD5-455F-9677-51470EBDB39D}.Debug_3dNow|Win32.Build.0 = Debug_DLL|Win32
		{3D9572E6-ADD5-455F-9677-51470EBDB39D}.Debug_3dNow|x64.ActiveCfg = Debug_DLL|Win32
		{3D9572E6-ADD5-455F-9677-51470EBDB39D}.Debug_3dNowExt_Dll|Win32.ActiveCfg = Debug_DLL|Win32
		{3D9572E6-ADD5-455F-9677-51470EBDB39D}.Debug_3dNowExt_Dll|Win32.Build.0 = Debug_DLL|Win32
		{3D9572E6-ADD5-455F-9677-51470EBDB39D}.Debug_3dNowExt_Dll|x64.ActiveCfg = Debug_DLL|Win32
		{3D9572E6-ADD5-455F-9677-51470EBDB39D}.Debug_3dNowExt|Win32.ActiveCfg = Debug_DLL|Win32
		{3D9572E6-ADD5-455F-9677-51470EBDB39D}.Debug_3dNowExt|Win32.Build.0 = Debug_DLL|Win32
		{3D9572E6-ADD5-455F-9677-51470EBDB39D}.Debug_3dNowExt|x64.ActiveCfg = Debug_DLL|Win32
		{3D9572E6-ADD5-455F-9677-51470EBDB39D}.Debug_DLL|Win32.ActiveCfg = Debug_DLL|Win32
		{3D9572E6-ADD5-455F-9677-51470EBDB39D}.Debug_DLL|Win32.Build.0 = Debug_DLL|Win32
		{3D9572E6-ADD5-455F-9677-51470EBDB39D}.Debug_DLL|x64.ActiveCfg = Debug_DLL|Win32
		{3D9572E6-ADD5-455F-9677-51470EBDB39D}.Debug_Generic_Dll|Win32.ActiveCfg = Debug_DLL|Win32
		{3D9572E6-ADD5-455F-9677-51470EBDB39D}.Debug_Generic_Dll|Win32.Build.0 = Debug_DLL|Win32
		{3D9572E6-ADD5-455F-9677-51470EBDB39D}.Debug_Generic_Dll|x64.ActiveCfg = Debug_DLL|Win32
		{3D9572E6-ADD5-455F-9677-51470EBDB39D}.Debug_Generic|Win32.ActiveCfg = Debug_DLL|Win32
		{3D9572E6-ADD5-455F-9677-51470EBDB39D}.Debug_Generic|Win32.Build.0 = Debug_DLL|Win32
		{3D9572E6-ADD5-455F-9677-51470EBDB39D}.Debug_Generic|x64.ActiveCfg = Debug_DLL|Win32
		{3D9572E6-ADD5-455F-9677-51470EBDB39D}.Debug_i386_Dll|Win32.ActiveCfg = Debug_DLL|Win32
		{3D9572E6-ADD5-455F-9677-51470EBDB39D}.Debug_i386_Dll|Win32.Build.0 = Debug_DLL|Win32
		{3D9572E6-ADD5-455F-9677-51470EBDB39D}.Debug_i386_Dll|x64.ActiveCfg = Debug_DLL|Win32
		{3D9572E6-ADD5-455F-9677-51470EBDB39D}.Debug_i386|Win32.ActiveCfg = Debug_DLL|Win32
		{3D9572E6-ADD5-455F-9677-51470EBDB39D}.Debug_i386|Win32.Build.0 = Debug_DLL|Win32
		{3D9572E6-ADD5-455F-9677-51470EBDB39D}.Debug_i386|x64.ActiveCfg = Debug_DLL|Win32
		{3D9572E6-ADD5-455F-9677-51470EBDB39D}.Debug_i586_Dll|Win32.ActiveCfg = Debug_DLL|Win32
		{3D9572E6-ADD5-455F-9677-51470EBDB39D}.Debug_i586_Dll|Win32.Build.0 = Debug_DLL|Win32
		{3D9572E6-ADD5-455F-9677-51470EBDB39D}.Debug_i586_Dll|x64.ActiveCfg = Debug_DLL|Win32
		{3D9572E6-ADD5-455F-9677-51470EBDB39D}.Debug_i586|Win32.ActiveCfg = Debug_DLL|Win32
		{3D9572E6-ADD5-455F-9677-51470EBDB39D}.Debug_i586|Win32.Build.0 = Debug_DLL|Win32
		{3D9572E6-ADD5-455F-9677-51470EBDB39D}.Debug_i586|x64.ActiveCfg = Debug_DLL|Win32
		{3D9572E6-ADD5-455F-9677-51470EBDB39D}.Debug_MMX_Dll|Win32.ActiveCfg = Debug_DLL|Win32
		{3D9572E6-ADD5-455F-9677-51470EBDB39D}.Debug_MMX_Dll|Win32.Build.0 = Debug_DLL|Win32
		{3D9572E6-ADD5-455F-9677-51470EBDB39D}.Debug_MMX_Dll|x64.ActiveCfg = Debug_DLL|Win32
		{3D9572E6-ADD5-455F-9677-51470EBDB39D}.Debug_MMX|Win32.ActiveCfg = Debug_DLL|Win32
		{3D9572E6-ADD5-455F-9677-51470EBDB39D}.Debug_MMX|Win32.Build.0 = Debug_DLL|Win32
		{3D9572E6-ADD5-455F-9677-51470EBDB39D}.Debug_MMX|x64.ActiveCfg = Debug_DLL|Win32
		{3D9572E6-ADD5-455F-9677-51470EBDB39D}.Debug_SSE_Dll|Win32.ActiveCfg = Debug_DLL|Win32
		{3D9572E6-ADD5-455F-9677-51470EBDB39D}.Debug_SSE_Dll|Win32.Build.0 = Debug_DLL|Win32
		{3D9572E6-ADD5-455F-9677-51470EBDB39D}.Debug_SSE_Dll|x64.ActiveCfg = Debug_DLL|Win32
		{3D9572E6-ADD5-455F-9677-51470EBDB39D}.Debug_SSE|Win32.ActiveCfg = Debug_DLL|Win32
		{3D9572E6-ADD5-455F-9677-51470EBDB39D}.Debug_SSE|Win32.Build.0 = Debug_DLL|Win32
		{3D9572E6-ADD5-455F-9677-51470EBDB39D}.Debug_SSE|x64.ActiveCfg = Debug_DLL|Win32
		{3D9572E6-ADD5-455F-9677-51470EBDB39D}.Debug_x86_Dll_Minimal|Win32.ActiveCfg = Debug_DLL|Win32
		{3D9572E6-ADD5-455F-9677-51470EBDB39D}.Debug_x86_Dll_Minimal|Win32.Build.0 = Debug_DLL|Win32
		{3D9572E6-ADD5-455F-9677-51470EBDB39D}.Debug_x86_Dll_Minimal|x64.ActiveCfg = Debug_DLL|Win32
		{3D9572E6-ADD5-455F-9677-51470EBDB39D}.Debug_x86_Dll|Win32.ActiveCfg = Debug_DLL|Win32
		{3D9572E6-ADD5-455F-9677-51470EBDB39D}.Debug_x86_Dll|Win32.Build.0 = Debug_DLL|Win32
		{3D9572E6-ADD5-455F-9677-51470EBDB39D}.Debug_x86_Dll|x64.ActiveCfg = Debug_DLL|Win32
		{3D9572E6-ADD5-455F-9677-51470EBDB39D}.Debug_x86|Win32.ActiveCfg = Debug_DLL|Win32
		{3D9572E6-ADD5-455F-9677-51470EBDB39D}.Debug_x86|Win32.Build.0 = Debug_DLL|Win32
		{3D9572E6-ADD5-455F-9677-51470EBDB39D}.Debug_x86|x64.ActiveCfg = Debug_DLL|Win32
		{3D9572E6-ADD5-455F-9677-51470EBDB39D}.Debug|Win32.ActiveCfg = Debug_DLL|Win32
		{3D9572E6-ADD5-455F-9677-51470EBDB39D}.Debug|Win32.Build.0 = Debug_DLL|Win32
		{3D9572E6-ADD5-455F-9677-51470EBDB39D}.Debug|x64.ActiveCfg = Debug|Win32
		{3D9572E6-ADD5-455F-9677-51470EBDB39D}.LIB Debug|Win32.ActiveCfg = Debug|Win32
		{3D9572E6-ADD5-455F-9677-51470EBDB39D}.LIB Debug|Win32.Build.0 = Debug|Win32
		{3D9572E6-ADD5-455F-9677-51470EBDB39D}.LIB Debug|x64.ActiveCfg = Debug|Win32
		{3D9572E6-ADD5-455F-9677-51470EBDB39D}.LIB Release|Win32.ActiveCfg = Release|Win32
		{3D9572E6-ADD5-455F-9677-51470EBDB39D}.LIB Release|Win32.Build.0 = Release|Win32
		{3D9572E6-ADD5-455F-9677-51470EBDB39D}.LIB Release|x64.ActiveCfg = Release|Win32
		{3D9572E6-ADD5-455F-9677-51470EBDB39D}.Release_3dNow_Dll|Win32.ActiveCfg = Release_DLL|Win32
		{3D9572E6-ADD5-455F-9677-51470EBDB39D}.Release_3dNow_Dll|Win32.Build.0 = Release_DLL|Win32
		{3D9572E6-ADD5-455F-9677-51470EBDB39D}.Release_3dNow_Dll|x64.ActiveCfg = Release_DLL|Win32
		{3D9572E6-ADD5-455F-9677-51470EBDB39D}.Release_3dNow|Win32.ActiveCfg = Release_DLL|Win32
		{3D9572E6-ADD5-455F-9677-51470EBDB39D}.Release_3dNow|Win32.Build.0 = Release_DLL|Win32
		{3D9572E6-ADD5-455F-9677-51470EBDB39D}.Release_3dNow|x64.ActiveCfg = Release_DLL|Win32
		{3D9572E6-ADD5-455F-9677-51470EBDB39D}.Release_3dNowExt_Dll|Win32.ActiveCfg = Release_DLL|Win32
		{3D9572E6-ADD5-455F-9677-51470EBDB39D}.Release_3dNowExt_Dll|Win32.Build.0 = Release_DLL|Win32
		{3D9572E6-ADD5-455F-9677-51470EBDB39D}.Release_3dNowExt_Dll|x64.ActiveCfg = Release_DLL|Win32
		{3D9572E6-ADD5-455F-9677-51470EBDB39D}.Release_3dNowExt|Win32.ActiveCfg = Release_DLL|Win32
		{3D9572E6-ADD5-455F-9677-51470EBDB39D}.Release_3dNowExt|Win32.Build.0 = Release_DLL|Win32
		{3D9572E6-ADD5-455F-9677-51470EBDB39D}.Release_3dNowExt|x64.ActiveCfg = Release_DLL|Win32
		{3D9572E6-ADD5-455F-9677-51470EBDB39D}.Release_DLL|Win32.ActiveCfg = Release_DLL|Win32
		{3D9572E6-ADD5-455F-9677-51470EBDB39D}.Release_DLL|Win32.Build.0 = Release_DLL|Win32
		{3D9572E6-ADD5-455F-9677-51470EBDB39D}.Release_DLL|x64.ActiveCfg = Release_DLL|Win32
		{3D9572E6-ADD5-455F-9677-51470EBDB39D}.Release_Generic_Dll|Win32.ActiveCfg = Release_DLL|Win32
		{3D9572E6-ADD5-455F-9677-51470EBDB39D}.Release_Generic_Dll|Win32.Build.0 = Release_DLL|Win32
		{3D9572E6-ADD5-455F-9677-51470EBDB39D}.Release_Generic_Dll|x64.ActiveCfg = Release_DLL|Win32
		{3D9572E6-ADD5-455F-9677-51470EBDB39D}.Release_Generic|Win32.ActiveCfg = Release_DLL|Win32
		{3D9572E6-ADD5-455F-9677-51470EBDB39D}.Release_Generic|Win32.Build.0 = Release_DLL|Win32
		{3D9572E6-ADD5-455F-9677-51470EBDB39D}.Release_Generic|x64.ActiveCfg = Release_DLL|Win32
		{3D9572E6-ADD5-455F-9677-51470EBDB39D}.Release_i386_Dll|Win32.ActiveCfg = Release_DLL|Win32
		{3D9572E6-ADD5-455F-9677-51470EBDB39D}.Release_i386_Dll|Win32.Build.0 = Release_DLL|Win32
		{3D9572E6-ADD5-455F-9677-51470EBDB39D}.Release_i386_Dll|x64.ActiveCfg = Release_DLL|Win32
		{3D9572E6-ADD5-455F-9677-51470EBDB39D}.Release_i386|Win32.ActiveCfg = Release_DLL|Win32
		{3D9572E6-ADD5-455F-9677-51470EBDB39D}.Release_i386|Win32.Build.0 = Release_DLL|Win32
		{3D9572E6-ADD5-455F-9677-51470EBDB39D}.Release_i386|x64.ActiveCfg = Release_DLL|Win32
		{3D9572E6-ADD5-455F-9677-51470EBDB39D}.Release_i586_Dll|Win32.ActiveCfg = Release_DLL|Win32
		{3D9572E6-ADD5-455F-9677-51470EBDB39D}.Release_i586_Dll|Win32.Build.0 = Release_DLL|Win32
		{3D9572E6-ADD5-455F-9677-51470EBDB39D}.Release_i586_Dll|x64.ActiveCfg = Release_DLL|Win32
		{3D9572E6-ADD5-455F-9677-51470EBDB39D}.Release_i586|Win32.ActiveCfg = Release_DLL|Win32
		{3D9572E6-ADD5-455F-9677-51470EBDB39D}.Release_i586|Win32.Build.0 = Release_DLL|Win32
		{3D9572E6-ADD5-455F-9677-51470EBDB39D}.Release_i586|x64.ActiveCfg = Release_DLL|Win32
		{3D9572E6-ADD5-455F-9677-51470EBDB39D}.Release_MMX_Dll|Win32.ActiveCfg = Release_DLL|Win32
		{3D9572E6-ADD5-455F-9677-51470EBDB39D}.Release_MMX_Dll|Win32.Build.0 = Release_DLL|Win32
		{3D9572E6-ADD5-455F-9677-51470EBDB39D}.Release_MMX_Dll|x64.ActiveCfg = Release_DLL|Win32
		{3D9572E6-ADD5-455F-9677-51470EBDB39D}.Release_MMX|Win32.ActiveCfg = Release_DLL|Win32
		{3D9572E6-ADD5-455F-9677-51470EBDB39D}.Release_MMX|Win32.Build.0 = Release_DLL|Win32
		{3D9572E6-ADD5-455F-9677-51470EBDB39D}.Release_MMX|x64.ActiveCfg = Release_DLL|Win32
		{3D9572E6-ADD5-455F-9677-51470EBDB39D}.Release_SSE_Dll|Win32.ActiveCfg = Release_DLL|Win32
		{3D9572E6-ADD5-455F-9677-51470EBDB39D}.Release_SSE_Dll|Win32.Build.0 = Release_DLL|Win32
		{3D9572E6-ADD5-455F-9677-51470EBDB39D}.Release_SSE_Dll|x64.ActiveCfg = Release_DLL|Win32
		{3D9572E6-ADD5-455F-9677-51470EBDB39D}.Release_SSE|Win32.ActiveCfg = Release_DLL|Win32
		{3D9572E6-ADD5-455F-9677-51470EBDB39D}.Release_SSE|Win32.Build.0 = Release_DLL|Win32
		{3D9572E6-ADD5-455F-9677-51470EBDB39D}.Release_SSE|x64.ActiveCfg = Release_DLL|Win32
		{3D9572E6-ADD5-455F-9677-51470EBDB39D}.Release_x86_Dll_Minimal|Win32.ActiveCfg = Release_DLL|Win32
		{3D9572E6-ADD5-455F-9677-51470EBDB39D}.Release_x86_Dll_Minimal|Win32.Build.0 = Release_DLL|Win32
		{3D9572E6-ADD5-455F-9677-51470EBDB39D}.Release_x86_Dll_Minimal|x64.ActiveCfg = Release_DLL|Win32
		{3D9572E6-ADD5-455F-9677-51470EBDB39D}.Release_x86_Dll|Win32.ActiveCfg = Release_DLL|Win32
		{3D9572E6-ADD5-455F-9677-51470EBDB39D}.Release_x86_Dll|Win32.Build.0 = Release_DLL|Win32
		{3D9572E6-ADD5-455F-9677-51470EBDB39D}.Release_x86_Dll|x64.ActiveCfg = Release_DLL|Win32
		{3D9572E6-ADD5-455F-9677-51470EBDB39D}.Release_x86|Win32.ActiveCfg = Release_DLL|Win32
		{3D9572E6-ADD5-455F-9677-51470EBDB39D}.Release_x86|Win32.Build.0 = Release_DLL|Win32
		{3D9572E6-ADD5-455F-9677-51470EBDB39D}.Release_x86|x64.ActiveCfg = Release_DLL|Win32
		{3D9572E6-ADD5-455F-9677-51470EBDB39D}.Release|Win32.ActiveCfg = Release_DLL|Win32
		{3D9572E6-ADD5-455F-9677-51470EBDB39D}.Release|Win32.Build.0 = Release_DLL|Win32
		{3D9572E6-ADD5-455F-9677-51470EBDB39D}.Release|x64.ActiveCfg = Release|Win32
	EndGlobalSection
	GlobalSection(SolutionProperties) = preSolution
		HideSolutionNode = FALSE
	EndGlobalSection
EndGlobal
