<?xml version="1.0" encoding="utf-8"?>
<Project ToolsVersion="4.0" xmlns="http://schemas.microsoft.com/developer/msbuild/2003">
  <ItemGroup>
    <Filter Include="Source Files">
      <UniqueIdentifier>{4FC737F1-C7A5-4376-A066-2A32D752A2FF}</UniqueIdentifier>
      <Extensions>cpp;c;cc;cxx;def;odl;idl;hpj;bat;asm;asmx</Extensions>
    </Filter>
    <Filter Include="Header Files">
      <UniqueIdentifier>{93995380-89BD-4b04-88EB-625FBE52EBFB}</UniqueIdentifier>
      <Extensions>h;hpp;hxx;hm;inl;inc;xsd</Extensions>
    </Filter>
    <Filter Include="Resource Files">
      <UniqueIdentifier>{67DA6AB6-F800-4c08-8B7A-83BB121AAD01}</UniqueIdentifier>
      <Extensions>rc;ico;cur;bmp;dlg;rc2;rct;bin;rgs;gif;jpg;jpeg;jpe;resx;tiff;tif;png;wav</Extensions>
    </Filter>
  </ItemGroup>
  <ItemGroup>
    <ClCompile Include="Player\AudioPlayer.cpp">
      <Filter>Source Files</Filter>
    </ClCompile>
    <ClCompile Include="Services\ClodderService.cpp">
      <Filter>Source Files</Filter>
    </ClCompile>
    <ClCompile Include="Downloader\DownloadManager.cpp">
      <Filter>Source Files</Filter>
    </ClCompile>
    <ClCompile Include="Downloader\DownloadStream.cpp">
      <Filter>Source Files</Filter>
    </ClCompile>
    <ClCompile Include="System\Html\HtmlScraper.cpp">
      <Filter>Source Files</Filter>
    </ClCompile>
    <ClCompile Include="juce_lib.cpp">
      <Filter>Source Files</Filter>
    </ClCompile>
    <ClCompile Include="Model\ModelBuilder.cpp">
      <Filter>Source Files</Filter>
    </ClCompile>
    <ClCompile Include="Audio\Mp3AudioFormat.cpp">
      <Filter>Source Files</Filter>
    </ClCompile>
    <ClCompile Include="Player\PlaylistAudioSource.cpp">
      <Filter>Source Files</Filter>
    </ClCompile>
    <ClCompile Include="Player\PlaylistEntry.cpp">
      <Filter>Source Files</Filter>
    </ClCompile>
    <ClCompile Include="Precompiled.cpp">
      <Filter>Source Files</Filter>
    </ClCompile>
    <ClCompile Include="Services\ServiceManager.cpp">
      <Filter>Source Files</Filter>
    </ClCompile>
    <ClCompile Include="Model\SongInfo.cpp">
      <Filter>Source Files</Filter>
    </ClCompile>
    <ClCompile Include="Services\Spotify\SpotifyService.cpp">
      <Filter>Source Files</Filter>
    </ClCompile>
    <ClCompile Include="Player\StreamingAudioSource.cpp">
      <Filter>Source Files</Filter>
    </ClCompile>
    <ClCompile Include="System\Net\WebClient.cpp">
      <Filter>Source Files</Filter>
    </ClCompile>
    <ClCompile Include="System\Net\WebRequest.cpp">
      <Filter>Source Files</Filter>
    </ClCompile>
    <ClCompile Include="System\Net\WebRequestManager.cpp">
      <Filter>Source Files</Filter>
    </ClCompile>
  </ItemGroup>
  <ItemGroup>
    <ClInclude Include="Player\AudioPlayer.h">
      <Filter>Header Files</Filter>
    </ClInclude>
    <ClInclude Include="AudiusLib.h">
      <Filter>Header Files</Filter>
    </ClInclude>
    <ClInclude Include="Player\ClodderPlaylistFetcher.h">
      <Filter>Header Files</Filter>
    </ClInclude>
    <ClInclude Include="Services\ClodderService.h">
      <Filter>Header Files</Filter>
    </ClInclude>
    <ClInclude Include="System\Net\DataReceivedEventArgs.h">
      <Filter>Header Files</Filter>
    </ClInclude>
    <ClInclude Include="Downloader\DownloadManager.h">
      <Filter>Header Files</Filter>
    </ClInclude>
    <ClInclude Include="Downloader\DownloadProgressEventArgs.h">
      <Filter>Header Files</Filter>
    </ClInclude>
    <ClInclude Include="Downloader\DownloadStream.h">
      <Filter>Header Files</Filter>
    </ClInclude>
    <ClInclude Include="System\Exception.h">
      <Filter>Header Files</Filter>
    </ClInclude>
    <ClInclude Include="System\Html\HtmlScraper.h">
      <Filter>Header Files</Filter>
    </ClInclude>
    <ClInclude Include="System\Net\HttpUtility.h">
      <Filter>Header Files</Filter>
    </ClInclude>
    <ClInclude Include="juce_AppConfig.h">
      <Filter>Header Files</Filter>
    </ClInclude>
    <ClInclude Include="System\Log.h">
      <Filter>Header Files</Filter>
    </ClInclude>
    <ClInclude Include="System\MessageQueue.h">
      <Filter>Header Files</Filter>
    </ClInclude>
    <ClInclude Include="Model\ModelBuilder.h">
      <Filter>Header Files</Filter>
    </ClInclude>
    <ClInclude Include="Audio\Mp3AudioFormat.h">
      <Filter>Header Files</Filter>
    </ClInclude>
    <ClInclude Include="mpg123.h">
      <Filter>Header Files</Filter>
    </ClInclude>
    <ClInclude Include="Player\PlayerStatus.h">
      <Filter>Header Files</Filter>
    </ClInclude>
    <ClInclude Include="Player\Playlist.h">
      <Filter>Header Files</Filter>
    </ClInclude>
    <ClInclude Include="Player\PlaylistAudioSource.h">
      <Filter>Header Files</Filter>
    </ClInclude>
    <ClInclude Include="Player\PlaylistEntry.h">
      <Filter>Header Files</Filter>
    </ClInclude>
    <ClInclude Include="Precompiled.h">
      <Filter>Header Files</Filter>
    </ClInclude>
    <ClInclude Include="Services\ServiceManager.h">
      <Filter>Header Files</Filter>
    </ClInclude>
    <ClInclude Include="Model\SongInfo.h">
      <Filter>Header Files</Filter>
    </ClInclude>
    <ClInclude Include="Services\Spotify\SpotifyController.h">
      <Filter>Header Files</Filter>
    </ClInclude>
    <ClInclude Include="Services\Spotify\SpotifyEventArgs.h">
      <Filter>Header Files</Filter>
    </ClInclude>
    <ClInclude Include="Services\Spotify\SpotifyKey.h">
      <Filter>Header Files</Filter>
    </ClInclude>
    <ClInclude Include="Services\Spotify\SpotifyService.h">
      <Filter>Header Files</Filter>
    </ClInclude>
    <ClInclude Include="Player\StreamingAudioSource.h">
      <Filter>Header Files</Filter>
    </ClInclude>
    <ClInclude Include="System\Net\WebClient.h">
      <Filter>Header Files</Filter>
    </ClInclude>
    <ClInclude Include="System\Net\WebException.h">
      <Filter>Header Files</Filter>
    </ClInclude>
    <ClInclude Include="System\Net\WebRequest.h">
      <Filter>Header Files</Filter>
    </ClInclude>
    <ClInclude Include="System\Net\WebRequestContext.h">
      <Filter>Header Files</Filter>
    </ClInclude>
    <ClInclude Include="System\Net\WebRequestController.h">
      <Filter>Header Files</Filter>
    </ClInclude>
    <ClInclude Include="System\Net\WebRequestManager.h">
      <Filter>Header Files</Filter>
    </ClInclude>
    <ClInclude Include="Services\Spotify\Operations\SearchOperation.h">
      <Filter>Header Files</Filter>
    </ClInclude>
    <ClInclude Include="Services\Spotify\Operations\SearchResult.h">
      <Filter>Header Files</Filter>
    </ClInclude>
  </ItemGroup>
</Project>